
Microsoft Visual Studio Solution File, Format Version 12.00
# Visual Studio Version 16
VisualStudioVersion = 16.0.29613.14
MinimumVisualStudioVersion = 10.0.40219.1
Project("{FAE04EC0-301F-11D3-BF4B-00C04F79EFBC}") = "CSEOMyRentalApp", "CSEOMyRentalApp.csproj", "{6B32D00B-EA50-4F22-B431-A1205AC84B4F}"
EndProject
Global
	GlobalSection(SolutionConfigurationPlatforms) = preSolution
		Debug|Any CPU = Debug|Any CPU
		Release|Any CPU = Release|Any CPU
	EndGlobalSection
	GlobalSection(ProjectConfigurationPlatforms) = postSolution
		{6B32D00B-EA50-4F22-B431-A1205AC84B4F}.Debug|Any CPU.ActiveCfg = Debug|Any CPU
		{6B32D00B-EA50-4F22-B431-A1205AC84B4F}.Debug|Any CPU.Build.0 = Debug|Any CPU
		{6B32D00B-EA50-4F22-B431-A1205AC84B4F}.Release|Any CPU.ActiveCfg = Release|Any CPU
		{6B32D00B-EA50-4F22-B431-A1205AC84B4F}.Release|Any CPU.Build.0 = Release|Any CPU
	EndGlobalSection
	GlobalSection(SolutionProperties) = preSolution
		HideSolutionNode = FALSE
	EndGlobalSection
	GlobalSection(ExtensibilityGlobals) = postSolution
		SolutionGuid = {DFB07568-9249-4B3B-B39C-6DA746AD183A}
	EndGlobalSection
EndGlobal
